{
  "name": "@ingenious-redox/destination-middleware",
  "version": "0.1.0",
  "lockfileVersion": 1,
  "requires": true,
  "dependencies": {
    "ramda.path": {
      "version": "0.25.0",
      "resolved": "https://registry.npmjs.org/ramda.path/-/ramda.path-0.25.0.tgz",
      "integrity": "sha512-Zkz6EKpLA4f5QF9e+bkbK35RhwqnVkISNR7K+0JPMTw6gyxgz8AgkuPJN/0psaEJk6R6T/ikfZH5g22epHUfHg==",
      "dev": true
    },
    "ramda.replace": {
      "version": "0.25.0",
      "resolved": "https://registry.npmjs.org/ramda.replace/-/ramda.replace-0.25.0.tgz",
      "integrity": "sha512-TlJODXZWJdEu+dJlwaNKBun+8OY5RskhUQCmewbw3JVnKeWBtPTXIQxDMzYjO3hDOzO7lcBvJznHbeKu3P8a1w==",
      "dev": true
    }
  }
}
